
Microsoft Visual Studio Solution File, Format Version 12.00
# Visual Studio 15
VisualStudioVersion = 15.0.28010.2003
MinimumVisualStudioVersion = 10.0.40219.1
Project("{8BC9CEB8-8B4A-11D0-8D11-00A0C91BC942}") = "GLMTest", "GLMTest\GLMTest.vcxproj", "{F759B64A-AFA3-40FF-B8A8-F9D3BF491748}"
EndProject
Global
	GlobalSection(SolutionConfigurationPlatforms) = preSolution
		Debug|x64 = Debug|x64
		Debug|x86 = Debug|x86
		Release|x64 = Release|x64
		Release|x86 = Release|x86
	EndGlobalSection
	GlobalSection(ProjectConfigurationPlatforms) = postSolution
		{F759B64A-AFA3-40FF-B8A8-F9D3BF491748}.Debug|x64.ActiveCfg = Debug|x64
		{F759B64A-AFA3-40FF-B8A8-F9D3BF491748}.Debug|x64.Build.0 = Debug|x64
		{F759B64A-AFA3-40FF-B8A8-F9D3BF491748}.Debug|x86.ActiveCfg = Debug|Win32
		{F759B64A-AFA3-40FF-B8A8-F9D3BF491748}.Debug|x86.Build.0 = Debug|Win32
		{F759B64A-AFA3-40FF-B8A8-F9D3BF491748}.Release|x64.ActiveCfg = Release|x64
		{F759B64A-AFA3-40FF-B8A8-F9D3BF491748}.Release|x64.Build.0 = Release|x64
		{F759B64A-AFA3-40FF-B8A8-F9D3BF491748}.Release|x86.ActiveCfg = Release|Win32
		{F759B64A-AFA3-40FF-B8A8-F9D3BF491748}.Release|x86.Build.0 = Release|Win32
	EndGlobalSection
	GlobalSection(SolutionProperties) = preSolution
		HideSolutionNode = FALSE
	EndGlobalSection
	GlobalSection(ExtensibilityGlobals) = postSolution
		SolutionGuid = {6FEBE31C-8123-4D68-8786-3EA277A04C45}
	EndGlobalSection
EndGlobal
